
Microsoft Visual Studio Solution File, Format Version 12.00
# Visual Studio Version 17
VisualStudioVersion = 17.5.33516.290
MinimumVisualStudioVersion = 10.0.40219.1
Project("{FAE04EC0-301F-11D3-BF4B-00C04F79EFBC}") = "PrjPROYECTO_CINESTARK_2023", "PrjPROYECTO_CINESTARK_2023\PrjPROYECTO_CINESTARK_2023.csproj", "{93CEFB75-E6A0-4F55-95BA-8C3D302A4666}"
EndProject
Global
	GlobalSection(SolutionConfigurationPlatforms) = preSolution
		Debug|Any CPU = Debug|Any CPU
		Release|Any CPU = Release|Any CPU
	EndGlobalSection
	GlobalSection(ProjectConfigurationPlatforms) = postSolution
		{93CEFB75-E6A0-4F55-95BA-8C3D302A4666}.Debug|Any CPU.ActiveCfg = Debug|Any CPU
		{93CEFB75-E6A0-4F55-95BA-8C3D302A4666}.Debug|Any CPU.Build.0 = Debug|Any CPU
		{93CEFB75-E6A0-4F55-95BA-8C3D302A4666}.Release|Any CPU.ActiveCfg = Release|Any CPU
		{93CEFB75-E6A0-4F55-95BA-8C3D302A4666}.Release|Any CPU.Build.0 = Release|Any CPU
	EndGlobalSection
	GlobalSection(SolutionProperties) = preSolution
		HideSolutionNode = FALSE
	EndGlobalSection
	GlobalSection(ExtensibilityGlobals) = postSolution
		SolutionGuid = {9396F93C-C06D-4884-972F-C971ED2DB372}
	EndGlobalSection
EndGlobal
